
Microsoft Visual Studio Solution File, Format Version 12.00
# Visual Studio 15
VisualStudioVersion = 15.0.27703.2042
MinimumVisualStudioVersion = 10.0.40219.1
Project("{FAE04EC0-301F-11D3-BF4B-00C04F79EFBC}") = "MediaAGES.Android", "MediaAGES\MediaAGES.Android\MediaAGES.Android.csproj", "{17B46787-5A19-4CD3-A636-C387CEBEA871}"
EndProject
Project("{FAE04EC0-301F-11D3-BF4B-00C04F79EFBC}") = "MediaAGES.UWP", "MediaAGES\MediaAGES.UWP\MediaAGES.UWP.csproj", "{1BEF15A6-F85D-4416-90B1-9040F01AD291}"
EndProject
Project("{FAE04EC0-301F-11D3-BF4B-00C04F79EFBC}") = "MediaAGES", "MediaAGES\MediaAGES\MediaAGES.csproj", "{C7B654E3-0621-4A19-8E1E-6F9E10716B99}"
EndProject
Global
	GlobalSection(SolutionConfigurationPlatforms) = preSolution
		Debug|Any CPU = Debug|Any CPU
		Debug|ARM = Debug|ARM
		Debug|x64 = Debug|x64
		Debug|x86 = Debug|x86
		Release|Any CPU = Release|Any CPU
		Release|ARM = Release|ARM
		Release|x64 = Release|x64
		Release|x86 = Release|x86
	EndGlobalSection
	GlobalSection(ProjectConfigurationPlatforms) = postSolution
		{17B46787-5A19-4CD3-A636-C387CEBEA871}.Debug|Any CPU.ActiveCfg = Debug|Any CPU
		{17B46787-5A19-4CD3-A636-C387CEBEA871}.Debug|Any CPU.Build.0 = Debug|Any CPU
		{17B46787-5A19-4CD3-A636-C387CEBEA871}.Debug|Any CPU.Deploy.0 = Debug|Any CPU
		{17B46787-5A19-4CD3-A636-C387CEBEA871}.Debug|ARM.ActiveCfg = Debug|Any CPU
		{17B46787-5A19-4CD3-A636-C387CEBEA871}.Debug|ARM.Build.0 = Debug|Any CPU
		{17B46787-5A19-4CD3-A636-C387CEBEA871}.Debug|ARM.Deploy.0 = Debug|Any CPU
		{17B46787-5A19-4CD3-A636-C387CEBEA871}.Debug|x64.ActiveCfg = Debug|Any CPU
		{17B46787-5A19-4CD3-A636-C387CEBEA871}.Debug|x64.Build.0 = Debug|Any CPU
		{17B46787-5A19-4CD3-A636-C387CEBEA871}.Debug|x64.Deploy.0 = Debug|Any CPU
		{17B46787-5A19-4CD3-A636-C387CEBEA871}.Debug|x86.ActiveCfg = Debug|Any CPU
		{17B46787-5A19-4CD3-A636-C387CEBEA871}.Debug|x86.Build.0 = Debug|Any CPU
		{17B46787-5A19-4CD3-A636-C387CEBEA871}.Debug|x86.Deploy.0 = Debug|Any CPU
		{17B46787-5A19-4CD3-A636-C387CEBEA871}.Release|Any CPU.ActiveCfg = Release|Any CPU
		{17B46787-5A19-4CD3-A636-C387CEBEA871}.Release|Any CPU.Build.0 = Release|Any CPU
		{17B46787-5A19-4CD3-A636-C387CEBEA871}.Release|Any CPU.Deploy.0 = Release|Any CPU
		{17B46787-5A19-4CD3-A636-C387CEBEA871}.Release|ARM.ActiveCfg = Release|Any CPU
		{17B46787-5A19-4CD3-A636-C387CEBEA871}.Release|ARM.Build.0 = Release|Any CPU
		{17B46787-5A19-4CD3-A636-C387CEBEA871}.Release|ARM.Deploy.0 = Release|Any CPU
		{17B46787-5A19-4CD3-A636-C387CEBEA871}.Release|x64.ActiveCfg = Release|Any CPU
		{17B46787-5A19-4CD3-A636-C387CEBEA871}.Release|x64.Build.0 = Release|Any CPU
		{17B46787-5A19-4CD3-A636-C387CEBEA871}.Release|x64.Deploy.0 = Release|Any CPU
		{17B46787-5A19-4CD3-A636-C387CEBEA871}.Release|x86.ActiveCfg = Release|Any CPU
		{17B46787-5A19-4CD3-A636-C387CEBEA871}.Release|x86.Build.0 = Release|Any CPU
		{17B46787-5A19-4CD3-A636-C387CEBEA871}.Release|x86.Deploy.0 = Release|Any CPU
		{1BEF15A6-F85D-4416-90B1-9040F01AD291}.Debug|Any CPU.ActiveCfg = Debug|x86
		{1BEF15A6-F85D-4416-90B1-9040F01AD291}.Debug|Any CPU.Build.0 = Debug|x86
		{1BEF15A6-F85D-4416-90B1-9040F01AD291}.Debug|Any CPU.Deploy.0 = Debug|x86
		{1BEF15A6-F85D-4416-90B1-9040F01AD291}.Debug|ARM.ActiveCfg = Debug|ARM
		{1BEF15A6-F85D-4416-90B1-9040F01AD291}.Debug|ARM.Build.0 = Debug|ARM
		{1BEF15A6-F85D-4416-90B1-9040F01AD291}.Debug|ARM.Deploy.0 = Debug|ARM
		{1BEF15A6-F85D-4416-90B1-9040F01AD291}.Debug|x64.ActiveCfg = Debug|x64
		{1BEF15A6-F85D-4416-90B1-9040F01AD291}.Debug|x64.Build.0 = Debug|x64
		{1BEF15A6-F85D-4416-90B1-9040F01AD291}.Debug|x64.Deploy.0 = Debug|x64
		{1BEF15A6-F85D-4416-90B1-9040F01AD291}.Debug|x86.ActiveCfg = Debug|x86
		{1BEF15A6-F85D-4416-90B1-9040F01AD291}.Debug|x86.Build.0 = Debug|x86
		{1BEF15A6-F85D-4416-90B1-9040F01AD291}.Debug|x86.Deploy.0 = Debug|x86
		{1BEF15A6-F85D-4416-90B1-9040F01AD291}.Release|Any CPU.ActiveCfg = Release|x86
		{1BEF15A6-F85D-4416-90B1-9040F01AD291}.Release|Any CPU.Build.0 = Release|x86
		{1BEF15A6-F85D-4416-90B1-9040F01AD291}.Release|Any CPU.Deploy.0 = Release|x86
		{1BEF15A6-F85D-4416-90B1-9040F01AD291}.Release|ARM.ActiveCfg = Release|ARM
		{1BEF15A6-F85D-4416-90B1-9040F01AD291}.Release|ARM.Build.0 = Release|ARM
		{1BEF15A6-F85D-4416-90B1-9040F01AD291}.Release|ARM.Deploy.0 = Release|ARM
		{1BEF15A6-F85D-4416-90B1-9040F01AD291}.Release|x64.ActiveCfg = Release|x64
		{1BEF15A6-F85D-4416-90B1-9040F01AD291}.Release|x64.Build.0 = Release|x64
		{1BEF15A6-F85D-4416-90B1-9040F01AD291}.Release|x64.Deploy.0 = Release|x64
		{1BEF15A6-F85D-4416-90B1-9040F01AD291}.Release|x86.ActiveCfg = Release|x86
		{1BEF15A6-F85D-4416-90B1-9040F01AD291}.Release|x86.Build.0 = Release|x86
		{1BEF15A6-F85D-4416-90B1-9040F01AD291}.Release|x86.Deploy.0 = Release|x86
		{C7B654E3-0621-4A19-8E1E-6F9E10716B99}.Debug|Any CPU.ActiveCfg = Debug|Any CPU
		{C7B654E3-0621-4A19-8E1E-6F9E10716B99}.Debug|Any CPU.Build.0 = Debug|Any CPU
		{C7B654E3-0621-4A19-8E1E-6F9E10716B99}.Debug|Any CPU.Deploy.0 = Debug|Any CPU
		{C7B654E3-0621-4A19-8E1E-6F9E10716B99}.Debug|ARM.ActiveCfg = Debug|Any CPU
		{C7B654E3-0621-4A19-8E1E-6F9E10716B99}.Debug|ARM.Build.0 = Debug|Any CPU
		{C7B654E3-0621-4A19-8E1E-6F9E10716B99}.Debug|ARM.Deploy.0 = Debug|Any CPU
		{C7B654E3-0621-4A19-8E1E-6F9E10716B99}.Debug|x64.ActiveCfg = Debug|Any CPU
		{C7B654E3-0621-4A19-8E1E-6F9E10716B99}.Debug|x64.Build.0 = Debug|Any CPU
		{C7B654E3-0621-4A19-8E1E-6F9E10716B99}.Debug|x64.Deploy.0 = Debug|Any CPU
		{C7B654E3-0621-4A19-8E1E-6F9E10716B99}.Debug|x86.ActiveCfg = Debug|Any CPU
		{C7B654E3-0621-4A19-8E1E-6F9E10716B99}.Debug|x86.Build.0 = Debug|Any CPU
		{C7B654E3-0621-4A19-8E1E-6F9E10716B99}.Debug|x86.Deploy.0 = Debug|Any CPU
		{C7B654E3-0621-4A19-8E1E-6F9E10716B99}.Release|Any CPU.ActiveCfg = Release|Any CPU
		{C7B654E3-0621-4A19-8E1E-6F9E10716B99}.Release|Any CPU.Build.0 = Release|Any CPU
		{C7B654E3-0621-4A19-8E1E-6F9E10716B99}.Release|Any CPU.Deploy.0 = Release|Any CPU
		{C7B654E3-0621-4A19-8E1E-6F9E10716B99}.Release|ARM.ActiveCfg = Release|Any CPU
		{C7B654E3-0621-4A19-8E1E-6F9E10716B99}.Release|ARM.Build.0 = Release|Any CPU
		{C7B654E3-0621-4A19-8E1E-6F9E10716B99}.Release|ARM.Deploy.0 = Release|Any CPU
		{C7B654E3-0621-4A19-8E1E-6F9E10716B99}.Release|x64.ActiveCfg = Release|Any CPU
		{C7B654E3-0621-4A19-8E1E-6F9E10716B99}.Release|x64.Build.0 = Release|Any CPU
		{C7B654E3-0621-4A19-8E1E-6F9E10716B99}.Release|x64.Deploy.0 = Release|Any CPU
		{C7B654E3-0621-4A19-8E1E-6F9E10716B99}.Release|x86.ActiveCfg = Release|Any CPU
		{C7B654E3-0621-4A19-8E1E-6F9E10716B99}.Release|x86.Build.0 = Release|Any CPU
		{C7B654E3-0621-4A19-8E1E-6F9E10716B99}.Release|x86.Deploy.0 = Release|Any CPU
	EndGlobalSection
	GlobalSection(SolutionProperties) = preSolution
		HideSolutionNode = FALSE
	EndGlobalSection
	GlobalSection(ExtensibilityGlobals) = postSolution
		SolutionGuid = {996DAA52-A74E-46EC-A853-A75473E85D49}
	EndGlobalSection
EndGlobal
